
Microsoft Visual Studio Solution File, Format Version 12.00
# Visual Studio Version 16
VisualStudioVersion = 16.0.31829.152
MinimumVisualStudioVersion = 10.0.40219.1
Project("{FAE04EC0-301F-11D3-BF4B-00C04F79EFBC}") = "ConsoleApp2", "ConsoleApp2.csproj", "{A044D5E7-203B-4272-BFA2-9C198B669B6E}"
EndProject
Global
	GlobalSection(SolutionConfigurationPlatforms) = preSolution
		Debug|Any CPU = Debug|Any CPU
		Release|Any CPU = Release|Any CPU
	EndGlobalSection
	GlobalSection(ProjectConfigurationPlatforms) = postSolution
		{A044D5E7-203B-4272-BFA2-9C198B669B6E}.Debug|Any CPU.ActiveCfg = Debug|Any CPU
		{A044D5E7-203B-4272-BFA2-9C198B669B6E}.Debug|Any CPU.Build.0 = Debug|Any CPU
		{A044D5E7-203B-4272-BFA2-9C198B669B6E}.Release|Any CPU.ActiveCfg = Release|Any CPU
		{A044D5E7-203B-4272-BFA2-9C198B669B6E}.Release|Any CPU.Build.0 = Release|Any CPU
	EndGlobalSection
	GlobalSection(SolutionProperties) = preSolution
		HideSolutionNode = FALSE
	EndGlobalSection
	GlobalSection(ExtensibilityGlobals) = postSolution
		SolutionGuid = {1A6D069C-7429-403D-9480-653D3D1AAB1C}
	EndGlobalSection
EndGlobal
